
Microsoft Visual Studio Solution File, Format Version 12.00
# Visual Studio Version 16
VisualStudioVersion = 16.0.30907.101
MinimumVisualStudioVersion = 10.0.40219.1
Project("{FAE04EC0-301F-11D3-BF4B-00C04F79EFBC}") = "ComicPeeps", "ComicPeeps\ComicPeeps.csproj", "{B29FDB89-3476-4316-96BD-37B6375761EC}"
EndProject
Global
	GlobalSection(SolutionConfigurationPlatforms) = preSolution
		Debug|Any CPU = Debug|Any CPU
		Release|Any CPU = Release|Any CPU
	EndGlobalSection
	GlobalSection(ProjectConfigurationPlatforms) = postSolution
		{B29FDB89-3476-4316-96BD-37B6375761EC}.Debug|Any CPU.ActiveCfg = Debug|Any CPU
		{B29FDB89-3476-4316-96BD-37B6375761EC}.Debug|Any CPU.Build.0 = Debug|Any CPU
		{B29FDB89-3476-4316-96BD-37B6375761EC}.Release|Any CPU.ActiveCfg = Release|Any CPU
		{B29FDB89-3476-4316-96BD-37B6375761EC}.Release|Any CPU.Build.0 = Release|Any CPU
	EndGlobalSection
	GlobalSection(SolutionProperties) = preSolution
		HideSolutionNode = FALSE
	EndGlobalSection
	GlobalSection(ExtensibilityGlobals) = postSolution
		SolutionGuid = {86395D62-0DC2-480A-988E-B4D6C77A76EB}
	EndGlobalSection
EndGlobal
